
Microsoft Visual Studio Solution File, Format Version 12.00
# Visual Studio Version 17
VisualStudioVersion = 17.6.33801.468
MinimumVisualStudioVersion = 10.0.40219.1
Project("{2150E333-8FDC-42A3-9474-1A3956D46DE8}") = "Fundamentals", "Fundamentals", "{D97EC058-0BD4-4CDD-9025-E9AE236B1C92}"
EndProject
Project("{2150E333-8FDC-42A3-9474-1A3956D46DE8}") = "src", "src", "{394779EC-B8B5-4DA8-9784-CFE9DF1CD4F4}"
EndProject
Project("{2150E333-8FDC-42A3-9474-1A3956D46DE8}") = "test", "test", "{0822AC40-0AA9-4276-9767-3A46C05B1CA1}"
EndProject
Project("{9A19103F-16F7-4668-BE54-9A1E7A4F7556}") = "CalculatorLibrary", "Fundamentals\src\CalculatorLibrary\CalculatorLibrary.csproj", "{B52AE4A9-7044-4748-B281-764654960296}"
EndProject
Project("{9A19103F-16F7-4668-BE54-9A1E7A4F7556}") = "CalculatorLibrary.Tests.Unit", "Fundamentals\test\CalculatorLibrary.Tests\CalculatorLibrary.Tests.Unit.csproj", "{3C56F125-FAC3-494E-BE95-C3FC0B0BB46D}"
EndProject
Project("{2150E333-8FDC-42A3-9474-1A3956D46DE8}") = "Techniques", "Techniques", "{7D42AD98-7FE9-4B49-AF3D-30B4FDD6E8E8}"
EndProject
Project("{2150E333-8FDC-42A3-9474-1A3956D46DE8}") = "src", "src", "{D44C0458-FCB7-4F99-9F62-1BF896DBB810}"
EndProject
Project("{2150E333-8FDC-42A3-9474-1A3956D46DE8}") = "test", "test", "{FDE23F1D-09AB-4F82-A937-77B730DF8C24}"
EndProject
Project("{FAE04EC0-301F-11D3-BF4B-00C04F79EFBC}") = "TestingTechniques", "Techniques\src\TestingTechniques\TestingTechniques.csproj", "{98DC15E8-FDA5-4B05-8FFE-84B8AEF2F76A}"
EndProject
Project("{FAE04EC0-301F-11D3-BF4B-00C04F79EFBC}") = "TestingTechniques.Tests.Unit", "Techniques\test\TestingTechniques.Tests.Unit\TestingTechniques.Tests.Unit.csproj", "{2724E3A0-791D-44A1-9A77-CE89DD0D30D8}"
EndProject
Project("{2150E333-8FDC-42A3-9474-1A3956D46DE8}") = "LearningMaterials", "LearningMaterials", "{C70B8E6E-5BC2-4783-B461-8DE3C626B6FA}"
EndProject
Project("{2150E333-8FDC-42A3-9474-1A3956D46DE8}") = "src", "src", "{B2C0232A-30B8-4841-90D5-311CE24A2D9B}"
EndProject
Project("{FAE04EC0-301F-11D3-BF4B-00C04F79EFBC}") = "Users.Api", "LearningMaterials\src\Users.Api\Users.Api.csproj", "{3263169F-EC45-4351-ABC7-9CA9202AFE65}"
EndProject
Project("{2150E333-8FDC-42A3-9474-1A3956D46DE8}") = "tests", "tests", "{0CC18D24-1FCC-4BC9-B144-1EC34419288F}"
EndProject
Project("{FAE04EC0-301F-11D3-BF4B-00C04F79EFBC}") = "Users.Api.Tests.Unit.Application", "LearningMaterials\tests\Users.Api.Tests.Unit.Application\Users.Api.Tests.Unit.Application.csproj", "{1627E1C4-4021-4EFF-8713-26F97426A73B}"
EndProject
Global
	GlobalSection(SolutionConfigurationPlatforms) = preSolution
		Debug|Any CPU = Debug|Any CPU
		Release|Any CPU = Release|Any CPU
	EndGlobalSection
	GlobalSection(ProjectConfigurationPlatforms) = postSolution
		{B52AE4A9-7044-4748-B281-764654960296}.Debug|Any CPU.ActiveCfg = Debug|Any CPU
		{B52AE4A9-7044-4748-B281-764654960296}.Debug|Any CPU.Build.0 = Debug|Any CPU
		{B52AE4A9-7044-4748-B281-764654960296}.Release|Any CPU.ActiveCfg = Release|Any CPU
		{B52AE4A9-7044-4748-B281-764654960296}.Release|Any CPU.Build.0 = Release|Any CPU
		{3C56F125-FAC3-494E-BE95-C3FC0B0BB46D}.Debug|Any CPU.ActiveCfg = Debug|Any CPU
		{3C56F125-FAC3-494E-BE95-C3FC0B0BB46D}.Debug|Any CPU.Build.0 = Debug|Any CPU
		{3C56F125-FAC3-494E-BE95-C3FC0B0BB46D}.Release|Any CPU.ActiveCfg = Release|Any CPU
		{3C56F125-FAC3-494E-BE95-C3FC0B0BB46D}.Release|Any CPU.Build.0 = Release|Any CPU
		{98DC15E8-FDA5-4B05-8FFE-84B8AEF2F76A}.Debug|Any CPU.ActiveCfg = Debug|Any CPU
		{98DC15E8-FDA5-4B05-8FFE-84B8AEF2F76A}.Debug|Any CPU.Build.0 = Debug|Any CPU
		{98DC15E8-FDA5-4B05-8FFE-84B8AEF2F76A}.Release|Any CPU.ActiveCfg = Release|Any CPU
		{98DC15E8-FDA5-4B05-8FFE-84B8AEF2F76A}.Release|Any CPU.Build.0 = Release|Any CPU
		{2724E3A0-791D-44A1-9A77-CE89DD0D30D8}.Debug|Any CPU.ActiveCfg = Debug|Any CPU
		{2724E3A0-791D-44A1-9A77-CE89DD0D30D8}.Debug|Any CPU.Build.0 = Debug|Any CPU
		{2724E3A0-791D-44A1-9A77-CE89DD0D30D8}.Release|Any CPU.ActiveCfg = Release|Any CPU
		{2724E3A0-791D-44A1-9A77-CE89DD0D30D8}.Release|Any CPU.Build.0 = Release|Any CPU
		{3263169F-EC45-4351-ABC7-9CA9202AFE65}.Debug|Any CPU.ActiveCfg = Debug|Any CPU
		{3263169F-EC45-4351-ABC7-9CA9202AFE65}.Debug|Any CPU.Build.0 = Debug|Any CPU
		{3263169F-EC45-4351-ABC7-9CA9202AFE65}.Release|Any CPU.ActiveCfg = Release|Any CPU
		{3263169F-EC45-4351-ABC7-9CA9202AFE65}.Release|Any CPU.Build.0 = Release|Any CPU
		{1627E1C4-4021-4EFF-8713-26F97426A73B}.Debug|Any CPU.ActiveCfg = Debug|Any CPU
		{1627E1C4-4021-4EFF-8713-26F97426A73B}.Debug|Any CPU.Build.0 = Debug|Any CPU
		{1627E1C4-4021-4EFF-8713-26F97426A73B}.Release|Any CPU.ActiveCfg = Release|Any CPU
		{1627E1C4-4021-4EFF-8713-26F97426A73B}.Release|Any CPU.Build.0 = Release|Any CPU
	EndGlobalSection
	GlobalSection(SolutionProperties) = preSolution
		HideSolutionNode = FALSE
	EndGlobalSection
	GlobalSection(NestedProjects) = preSolution
		{394779EC-B8B5-4DA8-9784-CFE9DF1CD4F4} = {D97EC058-0BD4-4CDD-9025-E9AE236B1C92}
		{0822AC40-0AA9-4276-9767-3A46C05B1CA1} = {D97EC058-0BD4-4CDD-9025-E9AE236B1C92}
		{B52AE4A9-7044-4748-B281-764654960296} = {394779EC-B8B5-4DA8-9784-CFE9DF1CD4F4}
		{3C56F125-FAC3-494E-BE95-C3FC0B0BB46D} = {0822AC40-0AA9-4276-9767-3A46C05B1CA1}
		{D44C0458-FCB7-4F99-9F62-1BF896DBB810} = {7D42AD98-7FE9-4B49-AF3D-30B4FDD6E8E8}
		{FDE23F1D-09AB-4F82-A937-77B730DF8C24} = {7D42AD98-7FE9-4B49-AF3D-30B4FDD6E8E8}
		{98DC15E8-FDA5-4B05-8FFE-84B8AEF2F76A} = {D44C0458-FCB7-4F99-9F62-1BF896DBB810}
		{2724E3A0-791D-44A1-9A77-CE89DD0D30D8} = {FDE23F1D-09AB-4F82-A937-77B730DF8C24}
		{B2C0232A-30B8-4841-90D5-311CE24A2D9B} = {C70B8E6E-5BC2-4783-B461-8DE3C626B6FA}
		{3263169F-EC45-4351-ABC7-9CA9202AFE65} = {B2C0232A-30B8-4841-90D5-311CE24A2D9B}
		{0CC18D24-1FCC-4BC9-B144-1EC34419288F} = {C70B8E6E-5BC2-4783-B461-8DE3C626B6FA}
		{1627E1C4-4021-4EFF-8713-26F97426A73B} = {0CC18D24-1FCC-4BC9-B144-1EC34419288F}
	EndGlobalSection
	GlobalSection(ExtensibilityGlobals) = postSolution
		SolutionGuid = {84224807-A50A-4437-9574-472D43DFE2FF}
	EndGlobalSection
EndGlobal
